
Microsoft Visual Studio Solution File, Format Version 12.00
# Visual Studio Version 17
VisualStudioVersion = 17.8.34330.188
MinimumVisualStudioVersion = 10.0.40219.1
Project("{FAE04EC0-301F-11D3-BF4B-00C04F79EFBC}") = "HelloASP", "HelloASP\HelloASP.csproj", "{09FDBE70-520B-4928-A063-1A847E5E3A9B}"
EndProject
Global
	GlobalSection(SolutionConfigurationPlatforms) = preSolution
		Debug|Any CPU = Debug|Any CPU
		Release|Any CPU = Release|Any CPU
	EndGlobalSection
	GlobalSection(ProjectConfigurationPlatforms) = postSolution
		{09FDBE70-520B-4928-A063-1A847E5E3A9B}.Debug|Any CPU.ActiveCfg = Debug|Any CPU
		{09FDBE70-520B-4928-A063-1A847E5E3A9B}.Debug|Any CPU.Build.0 = Debug|Any CPU
		{09FDBE70-520B-4928-A063-1A847E5E3A9B}.Release|Any CPU.ActiveCfg = Release|Any CPU
		{09FDBE70-520B-4928-A063-1A847E5E3A9B}.Release|Any CPU.Build.0 = Release|Any CPU
	EndGlobalSection
	GlobalSection(SolutionProperties) = preSolution
		HideSolutionNode = FALSE
	EndGlobalSection
	GlobalSection(ExtensibilityGlobals) = postSolution
		SolutionGuid = {A7D0C6A3-6CA2-4549-9858-0249EFC24FEA}
	EndGlobalSection
EndGlobal
