
Microsoft Visual Studio Solution File, Format Version 12.00
# Visual Studio Version 17
VisualStudioVersion = 17.8.34330.188
MinimumVisualStudioVersion = 10.0.40219.1
Project("{FAE04EC0-301F-11D3-BF4B-00C04F79EFBC}") = "QuanLyNhapHang", "QuanLyNhapHang\QuanLyNhapHang.csproj", "{E93160AE-297C-4B4A-A65D-1DD7CA1DA7D5}"
EndProject
Global
	GlobalSection(SolutionConfigurationPlatforms) = preSolution
		Debug|Any CPU = Debug|Any CPU
		Release|Any CPU = Release|Any CPU
	EndGlobalSection
	GlobalSection(ProjectConfigurationPlatforms) = postSolution
		{E93160AE-297C-4B4A-A65D-1DD7CA1DA7D5}.Debug|Any CPU.ActiveCfg = Debug|Any CPU
		{E93160AE-297C-4B4A-A65D-1DD7CA1DA7D5}.Debug|Any CPU.Build.0 = Debug|Any CPU
		{E93160AE-297C-4B4A-A65D-1DD7CA1DA7D5}.Release|Any CPU.ActiveCfg = Release|Any CPU
		{E93160AE-297C-4B4A-A65D-1DD7CA1DA7D5}.Release|Any CPU.Build.0 = Release|Any CPU
	EndGlobalSection
	GlobalSection(SolutionProperties) = preSolution
		HideSolutionNode = FALSE
	EndGlobalSection
	GlobalSection(ExtensibilityGlobals) = postSolution
		SolutionGuid = {78EAB4E9-155F-478C-988F-E07B9A20F784}
	EndGlobalSection
EndGlobal
