
Microsoft Visual Studio Solution File, Format Version 12.00
# Visual Studio Version 17
VisualStudioVersion = 17.8.34330.188
MinimumVisualStudioVersion = 10.0.40219.1
Project("{FAE04EC0-301F-11D3-BF4B-00C04F79EFBC}") = "HelloWinForms", "HelloWinForms\HelloWinForms.csproj", "{7FC53F77-58E6-41CB-878F-4302763DB861}"
EndProject
Global
	GlobalSection(SolutionConfigurationPlatforms) = preSolution
		Debug|Any CPU = Debug|Any CPU
		Release|Any CPU = Release|Any CPU
	EndGlobalSection
	GlobalSection(ProjectConfigurationPlatforms) = postSolution
		{7FC53F77-58E6-41CB-878F-4302763DB861}.Debug|Any CPU.ActiveCfg = Debug|Any CPU
		{7FC53F77-58E6-41CB-878F-4302763DB861}.Debug|Any CPU.Build.0 = Debug|Any CPU
		{7FC53F77-58E6-41CB-878F-4302763DB861}.Release|Any CPU.ActiveCfg = Release|Any CPU
		{7FC53F77-58E6-41CB-878F-4302763DB861}.Release|Any CPU.Build.0 = Release|Any CPU
	EndGlobalSection
	GlobalSection(SolutionProperties) = preSolution
		HideSolutionNode = FALSE
	EndGlobalSection
	GlobalSection(ExtensibilityGlobals) = postSolution
		SolutionGuid = {16F496FA-DD9B-4D83-A057-F3B2AC5551BF}
	EndGlobalSection
EndGlobal
